
Microsoft Visual Studio Solution File, Format Version 12.00
# Visual Studio 15
VisualStudioVersion = 15.0.27428.2043
MinimumVisualStudioVersion = 10.0.40219.1
Project("{9A19103F-16F7-4668-BE54-9A1E7A4F7556}") = "EnumFonts", "EnumFonts.csproj", "{ED570E7C-7E69-4271-BF41-8A76DF7BED0E}"
EndProject
Global
	GlobalSection(SolutionConfigurationPlatforms) = preSolution
		Debug|Any CPU = Debug|Any CPU
		Release|Any CPU = Release|Any CPU
	EndGlobalSection
	GlobalSection(ProjectConfigurationPlatforms) = postSolution
		{ED570E7C-7E69-4271-BF41-8A76DF7BED0E}.Debug|Any CPU.ActiveCfg = Debug|Any CPU
		{ED570E7C-7E69-4271-BF41-8A76DF7BED0E}.Debug|Any CPU.Build.0 = Debug|Any CPU
		{ED570E7C-7E69-4271-BF41-8A76DF7BED0E}.Release|Any CPU.ActiveCfg = Release|Any CPU
		{ED570E7C-7E69-4271-BF41-8A76DF7BED0E}.Release|Any CPU.Build.0 = Release|Any CPU
	EndGlobalSection
	GlobalSection(SolutionProperties) = preSolution
		HideSolutionNode = FALSE
	EndGlobalSection
	GlobalSection(ExtensibilityGlobals) = postSolution
		SolutionGuid = {856DA863-B250-48B3-9E2F-916A2A421A66}
	EndGlobalSection
EndGlobal
